
Microsoft Visual Studio Solution File, Format Version 12.00
# Visual Studio Version 17
VisualStudioVersion = 17.0.31903.59
MinimumVisualStudioVersion = 10.0.40219.1
Project("{2150E333-8FDC-42A3-9474-1A3956D46DE8}") = "src", "src", "{7325B965-9519-4F34-9D8B-1031332456F5}"
EndProject
Project("{2150E333-8FDC-42A3-9474-1A3956D46DE8}") = "Host", "Host", "{6F40F454-82F3-4367-BD10-F579218BA495}"
EndProject
Project("{FAE04EC0-301F-11D3-BF4B-00C04F79EFBC}") = "Callora.Host.PluginContracts", "src\Host\PluginContracts\Callora.Host.PluginContracts.csproj", "{A03C01A2-858B-4D7D-94DF-AAA74C46D556}"
EndProject
Project("{FAE04EC0-301F-11D3-BF4B-00C04F79EFBC}") = "Callora.Core", "src\Core\Callora.Core.csproj", "{A3ABF697-F05C-41CA-95DA-3A1769F90B98}"
EndProject
Project("{2150E333-8FDC-42A3-9474-1A3956D46DE8}") = "tests", "tests", "{8C1CEE8A-CC12-4AC9-A8F3-BCDD79D98AE4}"
EndProject
Project("{FAE04EC0-301F-11D3-BF4B-00C04F79EFBC}") = "Callora.Core.Tests", "tests\Callora.Core.Tests\Callora.Core.Tests.csproj", "{3852EC32-11E0-4478-8CCC-6F6C43462F26}"
EndProject
Project("{2150E333-8FDC-42A3-9474-1A3956D46DE8}") = "Plugins", "Plugins", "{68A282F9-2C52-4E92-9B75-5A089AFA7255}"
EndProject
Project("{FAE04EC0-301F-11D3-BF4B-00C04F79EFBC}") = "Callora.Plugin.Communication", "custom\static-plugins\Communication\Callora.Plugin.Communication.csproj", "{E266E3B5-BFA8-4BB9-AA59-85B3460FA683}"
EndProject
Project("{FAE04EC0-301F-11D3-BF4B-00C04F79EFBC}") = "Callora.Host.Cli", "src\Host\Cli\Callora.Host.Cli.csproj", "{40078453-39EA-412C-A87F-DEBAE50E87F8}"
EndProject
Project("{FAE04EC0-301F-11D3-BF4B-00C04F79EFBC}") = "Callora.Plugin.Communication.Abstractions", "custom\static-plugins\Communication\Abstractions\Callora.Plugin.Communication.Abstractions.csproj", "{839B888F-FA90-4BC4-9614-AEC98BEFCF9C}"
EndProject
Project("{2150E333-8FDC-42A3-9474-1A3956D46DE8}") = "Plugins", "Plugins", "{07D57EEB-2F50-60C4-C011-FE4FA775C9A8}"
EndProject
Project("{FAE04EC0-301F-11D3-BF4B-00C04F79EFBC}") = "Callora.Plugins.Dialer", "custom\plugins\Dialer\Callora.Plugins.Dialer.csproj", "{88936192-D2FF-4CD8-8388-09B993385F3C}"
EndProject
Project("{2150E333-8FDC-42A3-9474-1A3956D46DE8}") = "TestPlugins", "TestPlugins", "{6B871EF5-2EA4-3968-B46B-A1EF3072E146}"
EndProject
Project("{2150E333-8FDC-42A3-9474-1A3956D46DE8}") = "ExportingPlugin", "ExportingPlugin", "{B813B24C-0240-1A04-BFFC-B4A8BE43F0D4}"
EndProject
Project("{FAE04EC0-301F-11D3-BF4B-00C04F79EFBC}") = "Callora.TestPlugin.Exporting", "tests\TestPlugins\ExportingPlugin\Callora.TestPlugin.Exporting.csproj", "{E2D1D2AA-839C-48A1-8912-B5B62C75E30E}"
EndProject
Global
	GlobalSection(SolutionConfigurationPlatforms) = preSolution
		Debug|Any CPU = Debug|Any CPU
		Debug|x64 = Debug|x64
		Debug|x86 = Debug|x86
		Release|Any CPU = Release|Any CPU
		Release|x64 = Release|x64
		Release|x86 = Release|x86
	EndGlobalSection
	GlobalSection(ProjectConfigurationPlatforms) = postSolution
		{A03C01A2-858B-4D7D-94DF-AAA74C46D556}.Debug|Any CPU.ActiveCfg = Debug|Any CPU
		{A03C01A2-858B-4D7D-94DF-AAA74C46D556}.Debug|Any CPU.Build.0 = Debug|Any CPU
		{A03C01A2-858B-4D7D-94DF-AAA74C46D556}.Debug|x64.ActiveCfg = Debug|Any CPU
		{A03C01A2-858B-4D7D-94DF-AAA74C46D556}.Debug|x64.Build.0 = Debug|Any CPU
		{A03C01A2-858B-4D7D-94DF-AAA74C46D556}.Debug|x86.ActiveCfg = Debug|Any CPU
		{A03C01A2-858B-4D7D-94DF-AAA74C46D556}.Debug|x86.Build.0 = Debug|Any CPU
		{A03C01A2-858B-4D7D-94DF-AAA74C46D556}.Release|Any CPU.ActiveCfg = Release|Any CPU
		{A03C01A2-858B-4D7D-94DF-AAA74C46D556}.Release|Any CPU.Build.0 = Release|Any CPU
		{A03C01A2-858B-4D7D-94DF-AAA74C46D556}.Release|x64.ActiveCfg = Release|Any CPU
		{A03C01A2-858B-4D7D-94DF-AAA74C46D556}.Release|x64.Build.0 = Release|Any CPU
		{A03C01A2-858B-4D7D-94DF-AAA74C46D556}.Release|x86.ActiveCfg = Release|Any CPU
		{A03C01A2-858B-4D7D-94DF-AAA74C46D556}.Release|x86.Build.0 = Release|Any CPU
		{A3ABF697-F05C-41CA-95DA-3A1769F90B98}.Debug|Any CPU.ActiveCfg = Debug|Any CPU
		{A3ABF697-F05C-41CA-95DA-3A1769F90B98}.Debug|Any CPU.Build.0 = Debug|Any CPU
		{A3ABF697-F05C-41CA-95DA-3A1769F90B98}.Debug|x64.ActiveCfg = Debug|Any CPU
		{A3ABF697-F05C-41CA-95DA-3A1769F90B98}.Debug|x64.Build.0 = Debug|Any CPU
		{A3ABF697-F05C-41CA-95DA-3A1769F90B98}.Debug|x86.ActiveCfg = Debug|Any CPU
		{A3ABF697-F05C-41CA-95DA-3A1769F90B98}.Debug|x86.Build.0 = Debug|Any CPU
		{A3ABF697-F05C-41CA-95DA-3A1769F90B98}.Release|Any CPU.ActiveCfg = Release|Any CPU
		{A3ABF697-F05C-41CA-95DA-3A1769F90B98}.Release|Any CPU.Build.0 = Release|Any CPU
		{A3ABF697-F05C-41CA-95DA-3A1769F90B98}.Release|x64.ActiveCfg = Release|Any CPU
		{A3ABF697-F05C-41CA-95DA-3A1769F90B98}.Release|x64.Build.0 = Release|Any CPU
		{A3ABF697-F05C-41CA-95DA-3A1769F90B98}.Release|x86.ActiveCfg = Release|Any CPU
		{A3ABF697-F05C-41CA-95DA-3A1769F90B98}.Release|x86.Build.0 = Release|Any CPU
		{3852EC32-11E0-4478-8CCC-6F6C43462F26}.Debug|Any CPU.ActiveCfg = Debug|Any CPU
		{3852EC32-11E0-4478-8CCC-6F6C43462F26}.Debug|Any CPU.Build.0 = Debug|Any CPU
		{3852EC32-11E0-4478-8CCC-6F6C43462F26}.Debug|x64.ActiveCfg = Debug|Any CPU
		{3852EC32-11E0-4478-8CCC-6F6C43462F26}.Debug|x64.Build.0 = Debug|Any CPU
		{3852EC32-11E0-4478-8CCC-6F6C43462F26}.Debug|x86.ActiveCfg = Debug|Any CPU
		{3852EC32-11E0-4478-8CCC-6F6C43462F26}.Debug|x86.Build.0 = Debug|Any CPU
		{3852EC32-11E0-4478-8CCC-6F6C43462F26}.Release|Any CPU.ActiveCfg = Release|Any CPU
		{3852EC32-11E0-4478-8CCC-6F6C43462F26}.Release|Any CPU.Build.0 = Release|Any CPU
		{3852EC32-11E0-4478-8CCC-6F6C43462F26}.Release|x64.ActiveCfg = Release|Any CPU
		{3852EC32-11E0-4478-8CCC-6F6C43462F26}.Release|x64.Build.0 = Release|Any CPU
		{3852EC32-11E0-4478-8CCC-6F6C43462F26}.Release|x86.ActiveCfg = Release|Any CPU
		{3852EC32-11E0-4478-8CCC-6F6C43462F26}.Release|x86.Build.0 = Release|Any CPU
		{E266E3B5-BFA8-4BB9-AA59-85B3460FA683}.Debug|Any CPU.ActiveCfg = Debug|Any CPU
		{E266E3B5-BFA8-4BB9-AA59-85B3460FA683}.Debug|Any CPU.Build.0 = Debug|Any CPU
		{E266E3B5-BFA8-4BB9-AA59-85B3460FA683}.Debug|x64.ActiveCfg = Debug|Any CPU
		{E266E3B5-BFA8-4BB9-AA59-85B3460FA683}.Debug|x64.Build.0 = Debug|Any CPU
		{E266E3B5-BFA8-4BB9-AA59-85B3460FA683}.Debug|x86.ActiveCfg = Debug|Any CPU
		{E266E3B5-BFA8-4BB9-AA59-85B3460FA683}.Debug|x86.Build.0 = Debug|Any CPU
		{E266E3B5-BFA8-4BB9-AA59-85B3460FA683}.Release|Any CPU.ActiveCfg = Release|Any CPU
		{E266E3B5-BFA8-4BB9-AA59-85B3460FA683}.Release|Any CPU.Build.0 = Release|Any CPU
		{E266E3B5-BFA8-4BB9-AA59-85B3460FA683}.Release|x64.ActiveCfg = Release|Any CPU
		{E266E3B5-BFA8-4BB9-AA59-85B3460FA683}.Release|x64.Build.0 = Release|Any CPU
		{E266E3B5-BFA8-4BB9-AA59-85B3460FA683}.Release|x86.ActiveCfg = Release|Any CPU
		{E266E3B5-BFA8-4BB9-AA59-85B3460FA683}.Release|x86.Build.0 = Release|Any CPU
		{40078453-39EA-412C-A87F-DEBAE50E87F8}.Debug|Any CPU.ActiveCfg = Debug|Any CPU
		{40078453-39EA-412C-A87F-DEBAE50E87F8}.Debug|Any CPU.Build.0 = Debug|Any CPU
		{40078453-39EA-412C-A87F-DEBAE50E87F8}.Debug|x64.ActiveCfg = Debug|Any CPU
		{40078453-39EA-412C-A87F-DEBAE50E87F8}.Debug|x64.Build.0 = Debug|Any CPU
		{40078453-39EA-412C-A87F-DEBAE50E87F8}.Debug|x86.ActiveCfg = Debug|Any CPU
		{40078453-39EA-412C-A87F-DEBAE50E87F8}.Debug|x86.Build.0 = Debug|Any CPU
		{40078453-39EA-412C-A87F-DEBAE50E87F8}.Release|Any CPU.ActiveCfg = Release|Any CPU
		{40078453-39EA-412C-A87F-DEBAE50E87F8}.Release|Any CPU.Build.0 = Release|Any CPU
		{40078453-39EA-412C-A87F-DEBAE50E87F8}.Release|x64.ActiveCfg = Release|Any CPU
		{40078453-39EA-412C-A87F-DEBAE50E87F8}.Release|x64.Build.0 = Release|Any CPU
		{40078453-39EA-412C-A87F-DEBAE50E87F8}.Release|x86.ActiveCfg = Release|Any CPU
		{40078453-39EA-412C-A87F-DEBAE50E87F8}.Release|x86.Build.0 = Release|Any CPU
		{839B888F-FA90-4BC4-9614-AEC98BEFCF9C}.Debug|Any CPU.ActiveCfg = Debug|Any CPU
		{839B888F-FA90-4BC4-9614-AEC98BEFCF9C}.Debug|Any CPU.Build.0 = Debug|Any CPU
		{839B888F-FA90-4BC4-9614-AEC98BEFCF9C}.Debug|x64.ActiveCfg = Debug|Any CPU
		{839B888F-FA90-4BC4-9614-AEC98BEFCF9C}.Debug|x64.Build.0 = Debug|Any CPU
		{839B888F-FA90-4BC4-9614-AEC98BEFCF9C}.Debug|x86.ActiveCfg = Debug|Any CPU
		{839B888F-FA90-4BC4-9614-AEC98BEFCF9C}.Debug|x86.Build.0 = Debug|Any CPU
		{839B888F-FA90-4BC4-9614-AEC98BEFCF9C}.Release|Any CPU.ActiveCfg = Release|Any CPU
		{839B888F-FA90-4BC4-9614-AEC98BEFCF9C}.Release|Any CPU.Build.0 = Release|Any CPU
		{839B888F-FA90-4BC4-9614-AEC98BEFCF9C}.Release|x64.ActiveCfg = Release|Any CPU
		{839B888F-FA90-4BC4-9614-AEC98BEFCF9C}.Release|x64.Build.0 = Release|Any CPU
		{839B888F-FA90-4BC4-9614-AEC98BEFCF9C}.Release|x86.ActiveCfg = Release|Any CPU
		{839B888F-FA90-4BC4-9614-AEC98BEFCF9C}.Release|x86.Build.0 = Release|Any CPU
		{88936192-D2FF-4CD8-8388-09B993385F3C}.Debug|Any CPU.ActiveCfg = Debug|Any CPU
		{88936192-D2FF-4CD8-8388-09B993385F3C}.Debug|Any CPU.Build.0 = Debug|Any CPU
		{88936192-D2FF-4CD8-8388-09B993385F3C}.Debug|x64.ActiveCfg = Debug|Any CPU
		{88936192-D2FF-4CD8-8388-09B993385F3C}.Debug|x64.Build.0 = Debug|Any CPU
		{88936192-D2FF-4CD8-8388-09B993385F3C}.Debug|x86.ActiveCfg = Debug|Any CPU
		{88936192-D2FF-4CD8-8388-09B993385F3C}.Debug|x86.Build.0 = Debug|Any CPU
		{88936192-D2FF-4CD8-8388-09B993385F3C}.Release|Any CPU.ActiveCfg = Release|Any CPU
		{88936192-D2FF-4CD8-8388-09B993385F3C}.Release|Any CPU.Build.0 = Release|Any CPU
		{88936192-D2FF-4CD8-8388-09B993385F3C}.Release|x64.ActiveCfg = Release|Any CPU
		{88936192-D2FF-4CD8-8388-09B993385F3C}.Release|x64.Build.0 = Release|Any CPU
		{88936192-D2FF-4CD8-8388-09B993385F3C}.Release|x86.ActiveCfg = Release|Any CPU
		{88936192-D2FF-4CD8-8388-09B993385F3C}.Release|x86.Build.0 = Release|Any CPU
		{E2D1D2AA-839C-48A1-8912-B5B62C75E30E}.Debug|Any CPU.ActiveCfg = Debug|Any CPU
		{E2D1D2AA-839C-48A1-8912-B5B62C75E30E}.Debug|Any CPU.Build.0 = Debug|Any CPU
		{E2D1D2AA-839C-48A1-8912-B5B62C75E30E}.Debug|x64.ActiveCfg = Debug|Any CPU
		{E2D1D2AA-839C-48A1-8912-B5B62C75E30E}.Debug|x64.Build.0 = Debug|Any CPU
		{E2D1D2AA-839C-48A1-8912-B5B62C75E30E}.Debug|x86.ActiveCfg = Debug|Any CPU
		{E2D1D2AA-839C-48A1-8912-B5B62C75E30E}.Debug|x86.Build.0 = Debug|Any CPU
		{E2D1D2AA-839C-48A1-8912-B5B62C75E30E}.Release|Any CPU.ActiveCfg = Release|Any CPU
		{E2D1D2AA-839C-48A1-8912-B5B62C75E30E}.Release|Any CPU.Build.0 = Release|Any CPU
		{E2D1D2AA-839C-48A1-8912-B5B62C75E30E}.Release|x64.ActiveCfg = Release|Any CPU
		{E2D1D2AA-839C-48A1-8912-B5B62C75E30E}.Release|x64.Build.0 = Release|Any CPU
		{E2D1D2AA-839C-48A1-8912-B5B62C75E30E}.Release|x86.ActiveCfg = Release|Any CPU
		{E2D1D2AA-839C-48A1-8912-B5B62C75E30E}.Release|x86.Build.0 = Release|Any CPU
	EndGlobalSection
	GlobalSection(SolutionProperties) = preSolution
		HideSolutionNode = FALSE
	EndGlobalSection
	GlobalSection(NestedProjects) = preSolution
		{6F40F454-82F3-4367-BD10-F579218BA495} = {7325B965-9519-4F34-9D8B-1031332456F5}
		{A03C01A2-858B-4D7D-94DF-AAA74C46D556} = {6F40F454-82F3-4367-BD10-F579218BA495}
		{A3ABF697-F05C-41CA-95DA-3A1769F90B98} = {6F40F454-82F3-4367-BD10-F579218BA495}
		{3852EC32-11E0-4478-8CCC-6F6C43462F26} = {8C1CEE8A-CC12-4AC9-A8F3-BCDD79D98AE4}
		{68A282F9-2C52-4E92-9B75-5A089AFA7255} = {7325B965-9519-4F34-9D8B-1031332456F5}
		{E266E3B5-BFA8-4BB9-AA59-85B3460FA683} = {68A282F9-2C52-4E92-9B75-5A089AFA7255}
		{40078453-39EA-412C-A87F-DEBAE50E87F8} = {6F40F454-82F3-4367-BD10-F579218BA495}
		{839B888F-FA90-4BC4-9614-AEC98BEFCF9C} = {7325B965-9519-4F34-9D8B-1031332456F5}
		{88936192-D2FF-4CD8-8388-09B993385F3C} = {07D57EEB-2F50-60C4-C011-FE4FA775C9A8}
		{6B871EF5-2EA4-3968-B46B-A1EF3072E146} = {8C1CEE8A-CC12-4AC9-A8F3-BCDD79D98AE4}
		{B813B24C-0240-1A04-BFFC-B4A8BE43F0D4} = {6B871EF5-2EA4-3968-B46B-A1EF3072E146}
		{E2D1D2AA-839C-48A1-8912-B5B62C75E30E} = {B813B24C-0240-1A04-BFFC-B4A8BE43F0D4}
	EndGlobalSection
EndGlobal
